
Microsoft Visual Studio Solution File, Format Version 12.00
# Visual Studio Version 17
VisualStudioVersion = 17.2.32526.322
MinimumVisualStudioVersion = 10.0.40219.1
Project("{FAE04EC0-301F-11D3-BF4B-00C04F79EFBC}") = "pipelineproject", "pipelineproject\pipelineproject.csproj", "{10C2C9FB-58A1-4235-8263-A91B332E939D}"
EndProject
Global
	GlobalSection(SolutionConfigurationPlatforms) = preSolution
		Debug|Any CPU = Debug|Any CPU
		Release|Any CPU = Release|Any CPU
	EndGlobalSection
	GlobalSection(ProjectConfigurationPlatforms) = postSolution
		{10C2C9FB-58A1-4235-8263-A91B332E939D}.Debug|Any CPU.ActiveCfg = Debug|Any CPU
		{10C2C9FB-58A1-4235-8263-A91B332E939D}.Debug|Any CPU.Build.0 = Debug|Any CPU
		{10C2C9FB-58A1-4235-8263-A91B332E939D}.Release|Any CPU.ActiveCfg = Release|Any CPU
		{10C2C9FB-58A1-4235-8263-A91B332E939D}.Release|Any CPU.Build.0 = Release|Any CPU
	EndGlobalSection
	GlobalSection(SolutionProperties) = preSolution
		HideSolutionNode = FALSE
	EndGlobalSection
	GlobalSection(ExtensibilityGlobals) = postSolution
		SolutionGuid = {FD076570-E51C-45EF-90DE-80CE2C9128B6}
	EndGlobalSection
EndGlobal
